
Microsoft Visual Studio Solution File, Format Version 12.00
# Visual Studio Version 17
VisualStudioVersion = 17.14.36518.9
MinimumVisualStudioVersion = 10.0.40219.1
Project("{8BC9CEB8-8B4A-11D0-8D11-00A0C91BC942}") = "TP c++ cour", "TP c++ cour.vcxproj", "{2D666BBF-BDAB-4871-920B-13231FD7F10E}"
EndProject
Project("{8BC9CEB8-8B4A-11D0-8D11-00A0C91BC942}") = "Ex3", "..\Ex3\Ex3.vcxproj", "{050E9C5E-F314-439B-9EA7-B6470F46D01F}"
EndProject
Project("{8BC9CEB8-8B4A-11D0-8D11-00A0C91BC942}") = "Ex4", "..\Ex4\Ex4.vcxproj", "{7FC52BF2-ADCE-4AD9-A482-64E7BA17F497}"
EndProject
Project("{8BC9CEB8-8B4A-11D0-8D11-00A0C91BC942}") = "Ex5TP3", "..\Ex5TP3\Ex5TP3.vcxproj", "{BA8D63D8-4B96-43BB-914E-72D09D8915DD}"
EndProject
Project("{8BC9CEB8-8B4A-11D0-8D11-00A0C91BC942}") = "TP4Ex2", "TP4Ex2\TP4Ex2.vcxproj", "{6214BBB8-6457-4654-8F43-090BEECC4828}"
EndProject
Global
	GlobalSection(SolutionConfigurationPlatforms) = preSolution
		Debug|x64 = Debug|x64
		Debug|x86 = Debug|x86
		Release|x64 = Release|x64
		Release|x86 = Release|x86
	EndGlobalSection
	GlobalSection(ProjectConfigurationPlatforms) = postSolution
		{2D666BBF-BDAB-4871-920B-13231FD7F10E}.Debug|x64.ActiveCfg = Debug|x64
		{2D666BBF-BDAB-4871-920B-13231FD7F10E}.Debug|x64.Build.0 = Debug|x64
		{2D666BBF-BDAB-4871-920B-13231FD7F10E}.Debug|x86.ActiveCfg = Debug|Win32
		{2D666BBF-BDAB-4871-920B-13231FD7F10E}.Debug|x86.Build.0 = Debug|Win32
		{2D666BBF-BDAB-4871-920B-13231FD7F10E}.Release|x64.ActiveCfg = Release|x64
		{2D666BBF-BDAB-4871-920B-13231FD7F10E}.Release|x64.Build.0 = Release|x64
		{2D666BBF-BDAB-4871-920B-13231FD7F10E}.Release|x86.ActiveCfg = Release|Win32
		{2D666BBF-BDAB-4871-920B-13231FD7F10E}.Release|x86.Build.0 = Release|Win32
		{050E9C5E-F314-439B-9EA7-B6470F46D01F}.Debug|x64.ActiveCfg = Debug|x64
		{050E9C5E-F314-439B-9EA7-B6470F46D01F}.Debug|x64.Build.0 = Debug|x64
		{050E9C5E-F314-439B-9EA7-B6470F46D01F}.Debug|x86.ActiveCfg = Debug|Win32
		{050E9C5E-F314-439B-9EA7-B6470F46D01F}.Debug|x86.Build.0 = Debug|Win32
		{050E9C5E-F314-439B-9EA7-B6470F46D01F}.Release|x64.ActiveCfg = Release|x64
		{050E9C5E-F314-439B-9EA7-B6470F46D01F}.Release|x64.Build.0 = Release|x64
		{050E9C5E-F314-439B-9EA7-B6470F46D01F}.Release|x86.ActiveCfg = Release|Win32
		{050E9C5E-F314-439B-9EA7-B6470F46D01F}.Release|x86.Build.0 = Release|Win32
		{7FC52BF2-ADCE-4AD9-A482-64E7BA17F497}.Debug|x64.ActiveCfg = Debug|x64
		{7FC52BF2-ADCE-4AD9-A482-64E7BA17F497}.Debug|x64.Build.0 = Debug|x64
		{7FC52BF2-ADCE-4AD9-A482-64E7BA17F497}.Debug|x86.ActiveCfg = Debug|Win32
		{7FC52BF2-ADCE-4AD9-A482-64E7BA17F497}.Debug|x86.Build.0 = Debug|Win32
		{7FC52BF2-ADCE-4AD9-A482-64E7BA17F497}.Release|x64.ActiveCfg = Release|x64
		{7FC52BF2-ADCE-4AD9-A482-64E7BA17F497}.Release|x64.Build.0 = Release|x64
		{7FC52BF2-ADCE-4AD9-A482-64E7BA17F497}.Release|x86.ActiveCfg = Release|Win32
		{7FC52BF2-ADCE-4AD9-A482-64E7BA17F497}.Release|x86.Build.0 = Release|Win32
		{BA8D63D8-4B96-43BB-914E-72D09D8915DD}.Debug|x64.ActiveCfg = Debug|x64
		{BA8D63D8-4B96-43BB-914E-72D09D8915DD}.Debug|x64.Build.0 = Debug|x64
		{BA8D63D8-4B96-43BB-914E-72D09D8915DD}.Debug|x86.ActiveCfg = Debug|Win32
		{BA8D63D8-4B96-43BB-914E-72D09D8915DD}.Debug|x86.Build.0 = Debug|Win32
		{BA8D63D8-4B96-43BB-914E-72D09D8915DD}.Release|x64.ActiveCfg = Release|x64
		{BA8D63D8-4B96-43BB-914E-72D09D8915DD}.Release|x64.Build.0 = Release|x64
		{BA8D63D8-4B96-43BB-914E-72D09D8915DD}.Release|x86.ActiveCfg = Release|Win32
		{BA8D63D8-4B96-43BB-914E-72D09D8915DD}.Release|x86.Build.0 = Release|Win32
		{6214BBB8-6457-4654-8F43-090BEECC4828}.Debug|x64.ActiveCfg = Debug|x64
		{6214BBB8-6457-4654-8F43-090BEECC4828}.Debug|x64.Build.0 = Debug|x64
		{6214BBB8-6457-4654-8F43-090BEECC4828}.Debug|x86.ActiveCfg = Debug|Win32
		{6214BBB8-6457-4654-8F43-090BEECC4828}.Debug|x86.Build.0 = Debug|Win32
		{6214BBB8-6457-4654-8F43-090BEECC4828}.Release|x64.ActiveCfg = Release|x64
		{6214BBB8-6457-4654-8F43-090BEECC4828}.Release|x64.Build.0 = Release|x64
		{6214BBB8-6457-4654-8F43-090BEECC4828}.Release|x86.ActiveCfg = Release|Win32
		{6214BBB8-6457-4654-8F43-090BEECC4828}.Release|x86.Build.0 = Release|Win32
	EndGlobalSection
	GlobalSection(SolutionProperties) = preSolution
		HideSolutionNode = FALSE
	EndGlobalSection
	GlobalSection(ExtensibilityGlobals) = postSolution
		SolutionGuid = {C70600DF-1C05-45C8-82E9-AC11A75CC233}
	EndGlobalSection
EndGlobal
